
Microsoft Visual Studio Solution File, Format Version 12.00
# Visual Studio Version 17
VisualStudioVersion = 17.10.35013.160
MinimumVisualStudioVersion = 10.0.40219.1
Project("{FAE04EC0-301F-11D3-BF4B-00C04F79EFBC}") = "QuizMaker", "QuizMaker\QuizMaker.csproj", "{D003437A-49A8-4388-A9CD-7A177C2BB6B7}"
EndProject
Global
	GlobalSection(SolutionConfigurationPlatforms) = preSolution
		Debug|Any CPU = Debug|Any CPU
		Release|Any CPU = Release|Any CPU
	EndGlobalSection
	GlobalSection(ProjectConfigurationPlatforms) = postSolution
		{D003437A-49A8-4388-A9CD-7A177C2BB6B7}.Debug|Any CPU.ActiveCfg = Debug|Any CPU
		{D003437A-49A8-4388-A9CD-7A177C2BB6B7}.Debug|Any CPU.Build.0 = Debug|Any CPU
		{D003437A-49A8-4388-A9CD-7A177C2BB6B7}.Release|Any CPU.ActiveCfg = Release|Any CPU
		{D003437A-49A8-4388-A9CD-7A177C2BB6B7}.Release|Any CPU.Build.0 = Release|Any CPU
	EndGlobalSection
	GlobalSection(SolutionProperties) = preSolution
		HideSolutionNode = FALSE
	EndGlobalSection
	GlobalSection(ExtensibilityGlobals) = postSolution
		SolutionGuid = {1EC5B655-33F1-42CA-832A-205880620BC1}
	EndGlobalSection
EndGlobal
